
Microsoft Visual Studio Solution File, Format Version 12.00
# Visual Studio 14
VisualStudioVersion = 14.0.23107.0
MinimumVisualStudioVersion = 10.0.40219.1
Project("{2150E333-8FDC-42A3-9474-1A3956D46DE8}") = "1-Presentation", "1-Presentation", "{25F34E69-0CF1-410E-B8E6-8D78EA43D8D0}"
EndProject
Project("{FAE04EC0-301F-11D3-BF4B-00C04F79EFBC}") = "ADS.Manha01.Sabado.Presentation.ConsoleApp", "ADS.Manha01.Sabado.Presentation.ConsoleApp\ADS.Manha01.Sabado.Presentation.ConsoleApp.csproj", "{0450B604-AAA7-40E9-B705-BF53FBF0277D}"
EndProject
Global
	GlobalSection(SolutionConfigurationPlatforms) = preSolution
		Debug|Any CPU = Debug|Any CPU
		Release|Any CPU = Release|Any CPU
	EndGlobalSection
	GlobalSection(ProjectConfigurationPlatforms) = postSolution
		{0450B604-AAA7-40E9-B705-BF53FBF0277D}.Debug|Any CPU.ActiveCfg = Debug|Any CPU
		{0450B604-AAA7-40E9-B705-BF53FBF0277D}.Debug|Any CPU.Build.0 = Debug|Any CPU
		{0450B604-AAA7-40E9-B705-BF53FBF0277D}.Release|Any CPU.ActiveCfg = Release|Any CPU
		{0450B604-AAA7-40E9-B705-BF53FBF0277D}.Release|Any CPU.Build.0 = Release|Any CPU
	EndGlobalSection
	GlobalSection(SolutionProperties) = preSolution
		HideSolutionNode = FALSE
	EndGlobalSection
	GlobalSection(NestedProjects) = preSolution
		{0450B604-AAA7-40E9-B705-BF53FBF0277D} = {25F34E69-0CF1-410E-B8E6-8D78EA43D8D0}
	EndGlobalSection
EndGlobal
